<?xml version="1.0" encoding="utf-8"?>
<Project ToolsVersion="4.0" xmlns="http://schemas.microsoft.com/developer/msbuild/2003">
  <ItemGroup>
    <Filter Include="Source Files">
      <UniqueIdentifier>{4FC737F1-C7A5-4376-A066-2A32D752A2FF}</UniqueIdentifier>
      <Extensions>cpp;c;cc;cxx;def;odl;idl;hpj;bat;asm;asmx</Extensions>
    </Filter>
    <Filter Include="Header Files">
      <UniqueIdentifier>{93995380-89BD-4b04-88EB-625FBE52EBFB}</UniqueIdentifier>
      <Extensions>h;hh;hpp;hxx;hm;inl;inc;xsd</Extensions>
    </Filter>
    <Filter Include="Resource Files">
      <UniqueIdentifier>{67DA6AB6-F800-4c08-8B7A-83BB121AAD01}</UniqueIdentifier>
      <Extensions>rc;ico;cur;bmp;dlg;rc2;rct;bin;rgs;gif;jpg;jpeg;jpe;resx;tiff;tif;png;wav;mfcribbon-ms</Extensions>
    </Filter>
    <Filter Include="Header Files\ui">
      <UniqueIdentifier>{2567a25c-2623-4db3-9044-d2e523c9121d}</UniqueIdentifier>
    </Filter>
    <Filter Include="Source Files\ui">
      <UniqueIdentifier>{81c04bf3-fee0-4f14-8744-c8e5f9c95ed7}</UniqueIdentifier>
    </Filter>
    <Filter Include="Header Files\gl">
      <UniqueIdentifier>{1f917f1b-8ee4-4226-a162-87564d3d2802}</UniqueIdentifier>
    </Filter>
    <Filter Include="Source Files\gl">
      <UniqueIdentifier>{f01c0af2-4ffb-4262-9cdf-47f9c85ed6c8}</UniqueIdentifier>
    </Filter>
    <Filter Include="Header Files\app">
      <UniqueIdentifier>{6086184e-cf8e-4268-902e-b37e93b01d02}</UniqueIdentifier>
    </Filter>
    <Filter Include="Source Files\app">
      <UniqueIdentifier>{27bcd568-82cd-440b-975f-13001a65e706}</UniqueIdentifier>
    </Filter>
    <Filter Include="Header Files\common">
      <UniqueIdentifier>{038af33e-8747-41a5-b9bb-c71a8adda3f1}</UniqueIdentifier>
    </Filter>
    <Filter Include="Header Files\bsp">
      <UniqueIdentifier>{8e29a78d-ab42-4e85-be31-3bd564d7bf56}</UniqueIdentifier>
    </Filter>
    <Filter Include="Source Files\bsp">
      <UniqueIdentifier>{a166ecb2-3999-4e42-b4ba-469cb16ea715}</UniqueIdentifier>
    </Filter>
    <Filter Include="Header Files\utility">
      <UniqueIdentifier>{cbee7358-758b-4cc0-a910-ce0987dbd426}</UniqueIdentifier>
    </Filter>
    <Filter Include="Source Files\utility">
      <UniqueIdentifier>{2ade4e6a-4327-4850-9b0d-4f6976166def}</UniqueIdentifier>
    </Filter>
    <Filter Include="Header Files\wad">
      <UniqueIdentifier>{e1980fba-ef0c-4e41-ab9c-ca2191c73bb4}</UniqueIdentifier>
    </Filter>
    <Filter Include="Source Files\wad">
      <UniqueIdentifier>{af14f2d6-09c5-41bc-adc5-e4d85726eb26}</UniqueIdentifier>
    </Filter>
    <Filter Include="Header Files\core">
      <UniqueIdentifier>{5fb1a401-f455-49bb-9b66-b85501ca8617}</UniqueIdentifier>
    </Filter>
  </ItemGroup>
  <ItemGroup>
    <ClCompile Include="..\src\Main.cpp">
      <Filter>Source Files</Filter>
    </ClCompile>
    <ClCompile Include="..\src\ui\CWindow.cpp">
      <Filter>Source Files\ui</Filter>
    </ClCompile>
    <ClCompile Include="..\src\ui\CWindowManager.cpp">
      <Filter>Source Files\ui</Filter>
    </ClCompile>
    <ClCompile Include="..\src\gl\CBaseShader.cpp">
      <Filter>Source Files\gl</Filter>
    </ClCompile>
    <ClCompile Include="..\src\gl\CPolygonShader.cpp">
      <Filter>Source Files\gl</Filter>
    </ClCompile>
    <ClCompile Include="..\src\app\CApp.cpp">
      <Filter>Source Files\app</Filter>
    </ClCompile>
    <ClCompile Include="..\src\gl\CShaderManager.cpp">
      <Filter>Source Files\gl</Filter>
    </ClCompile>
    <ClCompile Include="..\src\bsp\BSPIO.cpp">
      <Filter>Source Files\bsp</Filter>
    </ClCompile>
    <ClCompile Include="..\src\utility\ByteSwap.cpp">
      <Filter>Source Files\utility</Filter>
    </ClCompile>
    <ClCompile Include="..\src\bsp\BSPRenderIO.cpp">
      <Filter>Source Files\bsp</Filter>
    </ClCompile>
    <ClCompile Include="..\src\utility\Tokenization.cpp">
      <Filter>Source Files\utility</Filter>
    </ClCompile>
    <ClCompile Include="..\src\gl\CLightMappedGenericShader.cpp">
      <Filter>Source Files\gl</Filter>
    </ClCompile>
    <ClCompile Include="..\src\utility\CCamera.cpp">
      <Filter>Source Files\utility</Filter>
    </ClCompile>
    <ClCompile Include="..\src\gl\GLUtil.cpp">
      <Filter>Source Files\gl</Filter>
    </ClCompile>
    <ClCompile Include="..\src\wad\WadIO.cpp">
      <Filter>Source Files\wad</Filter>
    </ClCompile>
    <ClCompile Include="..\src\wad\CWadManager.cpp">
      <Filter>Source Files\wad</Filter>
    </ClCompile>
    <ClCompile Include="..\src\gl\GLMiptex.cpp">
      <Filter>Source Files\gl</Filter>
    </ClCompile>
  </ItemGroup>
  <ItemGroup>
    <ClInclude Include="..\src\ui\CWindow.h">
      <Filter>Header Files\ui</Filter>
    </ClInclude>
    <ClInclude Include="..\src\ui\CWindowManager.h">
      <Filter>Header Files\ui</Filter>
    </ClInclude>
    <ClInclude Include="..\src\ui\CWindowArgs.h">
      <Filter>Header Files\ui</Filter>
    </ClInclude>
    <ClInclude Include="..\src\gl\CBaseShader.h">
      <Filter>Header Files\gl</Filter>
    </ClInclude>
    <ClInclude Include="..\src\gl\CPolygonShader.h">
      <Filter>Header Files\gl</Filter>
    </ClInclude>
    <ClInclude Include="..\src\app\CApp.h">
      <Filter>Header Files\app</Filter>
    </ClInclude>
    <ClInclude Include="..\src\gl\CShaderManager.h">
      <Filter>Header Files\gl</Filter>
    </ClInclude>
    <ClInclude Include="..\src\common\StringUtils.h">
      <Filter>Header Files\common</Filter>
    </ClInclude>
    <ClInclude Include="..\src\bsp\BSPConstants.h">
      <Filter>Header Files\bsp</Filter>
    </ClInclude>
    <ClInclude Include="..\src\bsp\BSPFile.h">
      <Filter>Header Files\bsp</Filter>
    </ClInclude>
    <ClInclude Include="..\src\bsp\BSPIO.h">
      <Filter>Header Files\bsp</Filter>
    </ClInclude>
    <ClInclude Include="..\src\common\Const.h">
      <Filter>Header Files\common</Filter>
    </ClInclude>
    <ClInclude Include="..\src\utility\Mathlib.h">
      <Filter>Header Files\utility</Filter>
    </ClInclude>
    <ClInclude Include="..\src\utility\ByteSwap.h">
      <Filter>Header Files\utility</Filter>
    </ClInclude>
    <ClInclude Include="..\src\bsp\BSPRenderIO.h">
      <Filter>Header Files\bsp</Filter>
    </ClInclude>
    <ClInclude Include="..\src\bsp\BSPRenderDefs.h">
      <Filter>Header Files\bsp</Filter>
    </ClInclude>
    <ClInclude Include="..\src\utility\Tokenization.h">
      <Filter>Header Files\utility</Filter>
    </ClInclude>
    <ClInclude Include="..\src\gl\CLightMappedGenericShader.h">
      <Filter>Header Files\gl</Filter>
    </ClInclude>
    <ClInclude Include="..\src\utility\CCamera.h">
      <Filter>Header Files\utility</Filter>
    </ClInclude>
    <ClInclude Include="..\src\gl\GLUtil.h">
      <Filter>Header Files\gl</Filter>
    </ClInclude>
    <ClInclude Include="..\src\wad\WadConstants.h">
      <Filter>Header Files\wad</Filter>
    </ClInclude>
    <ClInclude Include="..\src\wad\WadFile.h">
      <Filter>Header Files\wad</Filter>
    </ClInclude>
    <ClInclude Include="..\src\wad\WadIO.h">
      <Filter>Header Files\wad</Filter>
    </ClInclude>
    <ClInclude Include="..\src\wad\CWadFile.h">
      <Filter>Header Files\wad</Filter>
    </ClInclude>
    <ClInclude Include="..\src\wad\CWadManager.h">
      <Filter>Header Files\wad</Filter>
    </ClInclude>
    <ClInclude Include="..\src\core\Platform.h">
      <Filter>Header Files\core</Filter>
    </ClInclude>
    <ClInclude Include="..\src\gl\GLMiptex.h">
      <Filter>Header Files\gl</Filter>
    </ClInclude>
  </ItemGroup>
</Project>